
Microsoft Visual Studio Solution File, Format Version 12.00
# Visual Studio Version 16
VisualStudioVersion = 16.0.31313.79
MinimumVisualStudioVersion = 10.0.40219.1
Project("{FAE04EC0-301F-11D3-BF4B-00C04F79EFBC}") = "WinAPI-Sharp", "WinAPI-Sharp\WinAPI-Sharp.csproj", "{D3510D54-B83A-43A7-AA54-C3B8718D157D}"
EndProject
Project("{FAE04EC0-301F-11D3-BF4B-00C04F79EFBC}") = "ConsoleApp1", "ConsoleApp1\ConsoleApp1.csproj", "{92DB8D30-1BE8-42CB-990E-AB3CF9CE6C78}"
EndProject
Global
	GlobalSection(SolutionConfigurationPlatforms) = preSolution
		Debug|Any CPU = Debug|Any CPU
		Release|Any CPU = Release|Any CPU
	EndGlobalSection
	GlobalSection(ProjectConfigurationPlatforms) = postSolution
		{D3510D54-B83A-43A7-AA54-C3B8718D157D}.Debug|Any CPU.ActiveCfg = Debug|Any CPU
		{D3510D54-B83A-43A7-AA54-C3B8718D157D}.Debug|Any CPU.Build.0 = Debug|Any CPU
		{D3510D54-B83A-43A7-AA54-C3B8718D157D}.Release|Any CPU.ActiveCfg = Release|Any CPU
		{D3510D54-B83A-43A7-AA54-C3B8718D157D}.Release|Any CPU.Build.0 = Release|Any CPU
		{92DB8D30-1BE8-42CB-990E-AB3CF9CE6C78}.Debug|Any CPU.ActiveCfg = Debug|Any CPU
		{92DB8D30-1BE8-42CB-990E-AB3CF9CE6C78}.Debug|Any CPU.Build.0 = Debug|Any CPU
		{92DB8D30-1BE8-42CB-990E-AB3CF9CE6C78}.Release|Any CPU.ActiveCfg = Release|Any CPU
		{92DB8D30-1BE8-42CB-990E-AB3CF9CE6C78}.Release|Any CPU.Build.0 = Release|Any CPU
	EndGlobalSection
	GlobalSection(SolutionProperties) = preSolution
		HideSolutionNode = FALSE
	EndGlobalSection
	GlobalSection(ExtensibilityGlobals) = postSolution
		SolutionGuid = {E26CCA7C-EDBE-468E-A5DD-3AB0523CC1AC}
	EndGlobalSection
EndGlobal
